
Microsoft Visual Studio Solution File, Format Version 12.00
# Visual Studio 15
VisualStudioVersion = 15.0.27004.2005
MinimumVisualStudioVersion = 10.0.40219.1
Project("{8BC9CEB8-8B4A-11D0-8D11-00A0C91BC942}") = "Snake (SFML)", "Snake (SFML)\Snake (SFML).vcxproj", "{8108F8CC-753A-42F3-BA4B-42F2BA655DDD}"
EndProject
Global
	GlobalSection(SolutionConfigurationPlatforms) = preSolution
		Debug|x64 = Debug|x64
		Debug|x86 = Debug|x86
		Release|x64 = Release|x64
		Release|x86 = Release|x86
	EndGlobalSection
	GlobalSection(ProjectConfigurationPlatforms) = postSolution
		{8108F8CC-753A-42F3-BA4B-42F2BA655DDD}.Debug|x64.ActiveCfg = Debug|x64
		{8108F8CC-753A-42F3-BA4B-42F2BA655DDD}.Debug|x64.Build.0 = Debug|x64
		{8108F8CC-753A-42F3-BA4B-42F2BA655DDD}.Debug|x86.ActiveCfg = Debug|Win32
		{8108F8CC-753A-42F3-BA4B-42F2BA655DDD}.Debug|x86.Build.0 = Debug|Win32
		{8108F8CC-753A-42F3-BA4B-42F2BA655DDD}.Release|x64.ActiveCfg = Release|x64
		{8108F8CC-753A-42F3-BA4B-42F2BA655DDD}.Release|x64.Build.0 = Release|x64
		{8108F8CC-753A-42F3-BA4B-42F2BA655DDD}.Release|x86.ActiveCfg = Release|Win32
		{8108F8CC-753A-42F3-BA4B-42F2BA655DDD}.Release|x86.Build.0 = Release|Win32
	EndGlobalSection
	GlobalSection(SolutionProperties) = preSolution
		HideSolutionNode = FALSE
	EndGlobalSection
	GlobalSection(ExtensibilityGlobals) = postSolution
		SolutionGuid = {B489AB0E-5574-4BBE-820F-AA07AB36BEB7}
	EndGlobalSection
EndGlobal
